{
  "originHash" : "22dfe73caa3b62f28034bd30c47f8cb80f7e9ce605cee101e3e025ff4209bc8f",
  "pins" : [
    {
      "identity" : "libghostty-spm",
      "kind" : "remoteSourceControl",
      "location" : "https://github.com/genomewalker/libghostty-spm.git",
      "state" : {
        "revision" : "859807b2d92ec8e2e57806b311fad23afe5f16c4"
      }
    },
    {
      "identity" : "msdisplaylink",
      "kind" : "remoteSourceControl",
      "location" : "https://github.com/Lakr233/MSDisplayLink.git",
      "state" : {
        "revision" : "87eb0af130744c8cbe2e31b6e1a5bcd659f1c220",
        "version" : "2.2.0"
      }
    }
  ],
  "version" : 3
}
